<?xml version="1.0" encoding="utf-8"?>
<Project ToolsVersion="4.0" xmlns="http://schemas.microsoft.com/developer/msbuild/2003">
  <ItemGroup>
    <Filter Include="Source files">
      <UniqueIdentifier>{a5a3df41-73d5-4e9b-92af-b7fe7688f35e}</UniqueIdentifier>
      <Extensions>cpp;c;cc;cxx;def;odl;idl;hpj;bat;asm;asmx</Extensions>
    </Filter>
    <Filter Include="Header files">
      <UniqueIdentifier>{7da24c6b-6367-4df0-85ea-5c24bfd2b598}</UniqueIdentifier>
      <Extensions>h;hpp;hxx;hm;inl;inc;xsd</Extensions>
    </Filter>
    <Filter Include="Resource files">
      <UniqueIdentifier>{bab9929d-121c-4faf-9625-a087c71e0d13}</UniqueIdentifier>
      <Extensions>rc;ico;cur;bmp;dlg;rc2;rct;bin;rgs;gif;jpg;jpeg;jpe;resx;tiff;tif;png;wav</Extensions>
    </Filter>
    <Filter Include="Make files">
      <UniqueIdentifier>{3c2ff3e2-1611-4574-84ec-01c735cefb6e}</UniqueIdentifier>
      <Extensions>*.mak</Extensions>
    </Filter>
  </ItemGroup>
  <ItemGroup>
    <ClCompile Include="ARMOREProxy.cpp">
      <Filter>Source files</Filter>
    </ClCompile>
    <ClCompile Include="TraceFunctions\TraceFunctions.cpp">
      <Filter>Source files</Filter>
    </ClCompile>
    <ClCompile Include="ConsoleLogger\ConsoleLogger.cpp">
      <Filter>Source files</Filter>
    </ClCompile>
    <ClCompile Include="MacAddress.cpp">
      <Filter>Source files</Filter>
    </ClCompile>
    <ClCompile Include="MiddlewareEngine\MiddlewareEngine.cpp">
      <Filter>Source files</Filter>
    </ClCompile>
    <ClCompile Include="CaptureEngine\CaptureEngine.cpp">
      <Filter>Source files</Filter>
    </ClCompile>
    <ClCompile Include="CaptureEngine\NetmapEngine.cpp">
      <Filter>Source files</Filter>
    </ClCompile>
    <ClCompile Include="CaptureEngine\PcapEngine.cpp">
      <Filter>Source files</Filter>
    </ClCompile>
    <ClCompile Include="ConsoleLogger\StandardLogger.cpp">
      <Filter>Source files</Filter>
    </ClCompile>
    <ClCompile Include="ConsoleLogger\ZeroMQLogger.cpp">
      <Filter>Source files</Filter>
    </ClCompile>
    <ClCompile Include="MiddlewareEngine\ZeroMQEngine.cpp">
      <Filter>Source files</Filter>
    </ClCompile>
    <ClCompile Include="MiddlewareEngine\DdsEngine.cpp">
      <Filter>Source files</Filter>
    </ClCompile>
    <ClCompile Include="UUID.cpp">
      <Filter>Source files</Filter>
    </ClCompile>
    <ClCompile Include="Timer.cpp">
      <Filter>Source files</Filter>
    </ClCompile>
    <ClCompile Include="Thread.cpp">
      <Filter>Source files</Filter>
    </ClCompile>
    <ClCompile Include="Lock.cpp">
      <Filter>Source files</Filter>
    </ClCompile>
    <ClCompile Include="PacketProcessor.cpp">
      <Filter>Source files</Filter>
    </ClCompile>
    <ClCompile Include="Buffer.cpp">
      <Filter>Source files</Filter>
    </ClCompile>
    <ClCompile Include="SpinLock.cpp">
      <Filter>Source files</Filter>
    </ClCompile>
    <ClCompile Include="SynchronizedOperation.cpp">
      <Filter>Source files</Filter>
    </ClCompile>
    <ClCompile Include="IPAddress.cpp">
      <Filter>Source files</Filter>
    </ClCompile>
    <ClCompile Include="CaptureEngine\DpdkEngine.cpp">
      <Filter>Source files</Filter>
    </ClCompile>
    <ClCompile Include="MiddlewareEngine\ZeroMQClient.cpp">
      <Filter>Source files</Filter>
    </ClCompile>
    <ClCompile Include="MiddlewareEngine\ZeroMQServer.cpp">
      <Filter>Source files</Filter>
    </ClCompile>
    <ClCompile Include="MiddlewareEngine\zproxycert.c">
      <Filter>Source files</Filter>
    </ClCompile>
  </ItemGroup>
  <ItemGroup>
    <None Include="Makefile" />
    <None Include="debug.mak">
      <Filter>Make files</Filter>
    </None>
    <None Include="release.mak">
      <Filter>Make files</Filter>
    </None>
  </ItemGroup>
  <ItemGroup>
    <ClInclude Include="TraceFunctions\TraceFunctions.h">
      <Filter>Header files</Filter>
    </ClInclude>
    <ClInclude Include="ConsoleLogger\ConsoleLogger.h">
      <Filter>Header files</Filter>
    </ClInclude>
    <ClInclude Include="MacAddress.h">
      <Filter>Header files</Filter>
    </ClInclude>
    <ClInclude Include="MiddlewareEngine\MiddlewareEngine.h">
      <Filter>Header files</Filter>
    </ClInclude>
    <ClInclude Include="CaptureEngine\CaptureEngine.h">
      <Filter>Header files</Filter>
    </ClInclude>
    <ClInclude Include="CaptureEngine\netmap.h">
      <Filter>Header files</Filter>
    </ClInclude>
    <ClInclude Include="CaptureEngine\netmap_user.h">
      <Filter>Header files</Filter>
    </ClInclude>
    <ClInclude Include="CaptureEngine\NetmapEngine.h">
      <Filter>Header files</Filter>
    </ClInclude>
    <ClInclude Include="CaptureEngine\PcapEngine.h">
      <Filter>Header files</Filter>
    </ClInclude>
    <ClInclude Include="ConsoleLogger\StandardLogger.h">
      <Filter>Header files</Filter>
    </ClInclude>
    <ClInclude Include="ConsoleLogger\ZeroMQLogger.h">
      <Filter>Header files</Filter>
    </ClInclude>
    <ClInclude Include="MiddlewareEngine\ZeroMQEngine.h">
      <Filter>Header files</Filter>
    </ClInclude>
    <ClInclude Include="MiddlewareEngine\DdsEngine.h">
      <Filter>Header files</Filter>
    </ClInclude>
    <ClInclude Include="Timer.h">
      <Filter>Header files</Filter>
    </ClInclude>
    <ClInclude Include="Thread.h">
      <Filter>Header files</Filter>
    </ClInclude>
    <ClInclude Include="Lock.h">
      <Filter>Header files</Filter>
    </ClInclude>
    <ClInclude Include="PacketProcessor.h">
      <Filter>Header files</Filter>
    </ClInclude>
    <ClInclude Include="Buffer.h">
      <Filter>Header files</Filter>
    </ClInclude>
    <ClInclude Include="UUID.h">
      <Filter>Header files</Filter>
    </ClInclude>
    <ClInclude Include="SpinLock.h">
      <Filter>Header files</Filter>
    </ClInclude>
    <ClInclude Include="SynchronizedOperation.h">
      <Filter>Header files</Filter>
    </ClInclude>
    <ClInclude Include="IPAddress.h">
      <Filter>Header files</Filter>
    </ClInclude>
    <ClInclude Include="CaptureEngine\DpdkEngine.h">
      <Filter>Header files</Filter>
    </ClInclude>
    <ClInclude Include="MiddlewareEngine\ZeroMQClient.h">
      <Filter>Header files</Filter>
    </ClInclude>
    <ClInclude Include="MiddlewareEngine\ZeroMQServer.h">
      <Filter>Header files</Filter>
    </ClInclude>
    <ClInclude Include="MiddlewareEngine\zproxycert.h">
      <Filter>Header files</Filter>
    </ClInclude>
  </ItemGroup>
  <ItemGroup>
    <Text Include="NOTICE.txt" />
  </ItemGroup>
</Project>